
Microsoft Visual Studio Solution File, Format Version 12.00
# Visual Studio Version 17
VisualStudioVersion = 17.10.35027.167
MinimumVisualStudioVersion = 10.0.40219.1
Project("{9A19103F-16F7-4668-BE54-9A1E7A4F7556}") = "Core", "Lab3\Core.csproj", "{34DD0B76-C4F6-4120-8A4B-4AAC6E4885B7}"
EndProject
Project("{9A19103F-16F7-4668-BE54-9A1E7A4F7556}") = "Repositories", "Repositories\Repositories.csproj", "{7BA14ED9-5850-4674-A652-8297232C2B00}"
EndProject
Project("{9A19103F-16F7-4668-BE54-9A1E7A4F7556}") = "UI", "UI\UI.csproj", "{CC504073-380B-4B21-957C-DA2B6BF54670}"
EndProject
Global
	GlobalSection(SolutionConfigurationPlatforms) = preSolution
		Debug|Any CPU = Debug|Any CPU
		Release|Any CPU = Release|Any CPU
	EndGlobalSection
	GlobalSection(ProjectConfigurationPlatforms) = postSolution
		{34DD0B76-C4F6-4120-8A4B-4AAC6E4885B7}.Debug|Any CPU.ActiveCfg = Debug|Any CPU
		{34DD0B76-C4F6-4120-8A4B-4AAC6E4885B7}.Debug|Any CPU.Build.0 = Debug|Any CPU
		{34DD0B76-C4F6-4120-8A4B-4AAC6E4885B7}.Release|Any CPU.ActiveCfg = Release|Any CPU
		{34DD0B76-C4F6-4120-8A4B-4AAC6E4885B7}.Release|Any CPU.Build.0 = Release|Any CPU
		{7BA14ED9-5850-4674-A652-8297232C2B00}.Debug|Any CPU.ActiveCfg = Debug|Any CPU
		{7BA14ED9-5850-4674-A652-8297232C2B00}.Debug|Any CPU.Build.0 = Debug|Any CPU
		{7BA14ED9-5850-4674-A652-8297232C2B00}.Release|Any CPU.ActiveCfg = Release|Any CPU
		{7BA14ED9-5850-4674-A652-8297232C2B00}.Release|Any CPU.Build.0 = Release|Any CPU
		{CC504073-380B-4B21-957C-DA2B6BF54670}.Debug|Any CPU.ActiveCfg = Debug|Any CPU
		{CC504073-380B-4B21-957C-DA2B6BF54670}.Debug|Any CPU.Build.0 = Debug|Any CPU
		{CC504073-380B-4B21-957C-DA2B6BF54670}.Release|Any CPU.ActiveCfg = Release|Any CPU
		{CC504073-380B-4B21-957C-DA2B6BF54670}.Release|Any CPU.Build.0 = Release|Any CPU
	EndGlobalSection
	GlobalSection(SolutionProperties) = preSolution
		HideSolutionNode = FALSE
	EndGlobalSection
	GlobalSection(ExtensibilityGlobals) = postSolution
		SolutionGuid = {70DBCA86-EC16-4A97-8079-1BAFB2D36A91}
	EndGlobalSection
EndGlobal
